
Microsoft Visual Studio Solution File, Format Version 12.00
# Visual Studio Version 16
VisualStudioVersion = 16.0.31424.327
MinimumVisualStudioVersion = 10.0.40219.1
Project("{FAE04EC0-301F-11D3-BF4B-00C04F79EFBC}") = "APIMovies", "APIMovies\APIMovies.csproj", "{A0285D51-6F4F-418F-84D8-67EFF6F044A4}"
EndProject
Global
	GlobalSection(SolutionConfigurationPlatforms) = preSolution
		Debug|Any CPU = Debug|Any CPU
		Release|Any CPU = Release|Any CPU
	EndGlobalSection
	GlobalSection(ProjectConfigurationPlatforms) = postSolution
		{A0285D51-6F4F-418F-84D8-67EFF6F044A4}.Debug|Any CPU.ActiveCfg = Debug|Any CPU
		{A0285D51-6F4F-418F-84D8-67EFF6F044A4}.Debug|Any CPU.Build.0 = Debug|Any CPU
		{A0285D51-6F4F-418F-84D8-67EFF6F044A4}.Release|Any CPU.ActiveCfg = Release|Any CPU
		{A0285D51-6F4F-418F-84D8-67EFF6F044A4}.Release|Any CPU.Build.0 = Release|Any CPU
	EndGlobalSection
	GlobalSection(SolutionProperties) = preSolution
		HideSolutionNode = FALSE
	EndGlobalSection
	GlobalSection(ExtensibilityGlobals) = postSolution
		SolutionGuid = {F4E4AD2E-9A90-4087-9983-9F235908BEA4}
	EndGlobalSection
EndGlobal
